// !$*UTF8*$!
{
	archiveVersion = 1;
	classes = {
	};
	objectVersion = 56;
	objects = {

/* Begin PBXBuildFile section */
		6AD0BC1E2A7CCFD700A0B41E /* AppDelegate.swift in Sources */ = {isa = PBXBuildFile; fileRef = 6AD0BC1D2A7CCFD700A0B41E /* AppDelegate.swift */; };
		6AD0BC202A7CCFD700A0B41E /* SceneDelegate.swift in Sources */ = {isa = PBXBuildFile; fileRef = 6AD0BC1F2A7CCFD700A0B41E /* SceneDelegate.swift */; };
		6AD0BC222A7CCFD700A0B41E /* TamagotchiSelectionViewController.swift in Sources */ = {isa = PBXBuildFile; fileRef = 6AD0BC212A7CCFD700A0B41E /* TamagotchiSelectionViewController.swift */; };
		6AD0BC252A7CCFD700A0B41E /* Main.storyboard in Resources */ = {isa = PBXBuildFile; fileRef = 6AD0BC232A7CCFD700A0B41E /* Main.storyboard */; };
		6AD0BC272A7CCFDC00A0B41E /* Assets.xcassets in Resources */ = {isa = PBXBuildFile; fileRef = 6AD0BC262A7CCFDC00A0B41E /* Assets.xcassets */; };
		6AD0BC2A2A7CCFDC00A0B41E /* LaunchScreen.storyboard in Resources */ = {isa = PBXBuildFile; fileRef = 6AD0BC282A7CCFDC00A0B41E /* LaunchScreen.storyboard */; };
		6AD0BC352A7D722700A0B41E /* TamagotchiCollectionViewCell.swift in Sources */ = {isa = PBXBuildFile; fileRef = 6AD0BC332A7D722700A0B41E /* TamagotchiCollectionViewCell.swift */; };
		6AD0BC362A7D722700A0B41E /* TamagotchiCollectionViewCell.xib in Resources */ = {isa = PBXBuildFile; fileRef = 6AD0BC342A7D722700A0B41E /* TamagotchiCollectionViewCell.xib */; };
		6AD0BC392A7D739A00A0B41E /* InitialSetting.swift in Sources */ = {isa = PBXBuildFile; fileRef = 6AD0BC382A7D739A00A0B41E /* InitialSetting.swift */; };
		6AD0BC3B2A7D782D00A0B41E /* DetailViewController.swift in Sources */ = {isa = PBXBuildFile; fileRef = 6AD0BC3A2A7D782D00A0B41E /* DetailViewController.swift */; };
		6AD0BC3D2A7D791500A0B41E /* MainViewController.swift in Sources */ = {isa = PBXBuildFile; fileRef = 6AD0BC3C2A7D791500A0B41E /* MainViewController.swift */; };
		6AD0BC3F2A7D794800A0B41E /* SettingViewController.swift in Sources */ = {isa = PBXBuildFile; fileRef = 6AD0BC3E2A7D794800A0B41E /* SettingViewController.swift */; };
		6AD0BC412A7D79A800A0B41E /* ChangeNameViewController.swift in Sources */ = {isa = PBXBuildFile; fileRef = 6AD0BC402A7D79A800A0B41E /* ChangeNameViewController.swift */; };
		6AD0BC442A7E084000A0B41E /* Icon.swift in Sources */ = {isa = PBXBuildFile; fileRef = 6AD0BC432A7E084000A0B41E /* Icon.swift */; };
		6AD0BC472A7E115900A0B41E /* Color.swift in Sources */ = {isa = PBXBuildFile; fileRef = 6AD0BC462A7E115900A0B41E /* Color.swift */; };
		6AD0BC4C2A7E1C5C00A0B41E /* Tamagotchi.swift in Sources */ = {isa = PBXBuildFile; fileRef = 6AD0BC4B2A7E1C5C00A0B41E /* Tamagotchi.swift */; };
		6AD0BC4E2A7E270400A0B41E /* Message.swift in Sources */ = {isa = PBXBuildFile; fileRef = 6AD0BC4D2A7E270400A0B41E /* Message.swift */; };
		6AD0BC512A7E32C500A0B41E /* TamagotchiType.swift in Sources */ = {isa = PBXBuildFile; fileRef = 6AD0BC502A7E32C500A0B41E /* TamagotchiType.swift */; };
		6AD0BC532A7E406E00A0B41E /* TamagotchiSelectionInfo.swift in Sources */ = {isa = PBXBuildFile; fileRef = 6AD0BC522A7E406E00A0B41E /* TamagotchiSelectionInfo.swift */; };
		6AD0BC552A7E417200A0B41E /* TakkeumTamagotchi.swift in Sources */ = {isa = PBXBuildFile; fileRef = 6AD0BC542A7E417200A0B41E /* TakkeumTamagotchi.swift */; };
		6AD0BC572A7E426800A0B41E /* BangsilTamagotchi.swift in Sources */ = {isa = PBXBuildFile; fileRef = 6AD0BC562A7E426800A0B41E /* BangsilTamagotchi.swift */; };
		6AD0BC592A7EA1C600A0B41E /* BanzzakTamagotchi.swift in Sources */ = {isa = PBXBuildFile; fileRef = 6AD0BC582A7EA1C600A0B41E /* BanzzakTamagotchi.swift */; };
		6AD0BC5D2A80095A00A0B41E /* SettingTableViewCell.swift in Sources */ = {isa = PBXBuildFile; fileRef = 6AD0BC5B2A80095A00A0B41E /* SettingTableViewCell.swift */; };
		6AD0BC5E2A80095A00A0B41E /* SettingTableViewCell.xib in Resources */ = {isa = PBXBuildFile; fileRef = 6AD0BC5C2A80095A00A0B41E /* SettingTableViewCell.xib */; };
		6AD0BC602A8010DB00A0B41E /* SettingMenu.swift in Sources */ = {isa = PBXBuildFile; fileRef = 6AD0BC5F2A8010DB00A0B41E /* SettingMenu.swift */; };
/* End PBXBuildFile section */

/* Begin PBXFileReference section */
		6AD0BC1A2A7CCFD700A0B41E /* TamagotchiProject.app */ = {isa = PBXFileReference; explicitFileType = wrapper.application; includeInIndex = 0; path = TamagotchiProject.app; sourceTree = BUILT_PRODUCTS_DIR; };
		6AD0BC1D2A7CCFD700A0B41E /* AppDelegate.swift */ = {isa = PBXFileReference; lastKnownFileType = sourcecode.swift; path = AppDelegate.swift; sourceTree = "<group>"; };
		6AD0BC1F2A7CCFD700A0B41E /* SceneDelegate.swift */ = {isa = PBXFileReference; lastKnownFileType = sourcecode.swift; path = SceneDelegate.swift; sourceTree = "<group>"; };
		6AD0BC212A7CCFD700A0B41E /* TamagotchiSelectionViewController.swift */ = {isa = PBXFileReference; lastKnownFileType = sourcecode.swift; path = TamagotchiSelectionViewController.swift; sourceTree = "<group>"; };
		6AD0BC242A7CCFD700A0B41E /* Base */ = {isa = PBXFileReference; lastKnownFileType = file.storyboard; name = Base; path = Base.lproj/Main.storyboard; sourceTree = "<group>"; };
		6AD0BC262A7CCFDC00A0B41E /* Assets.xcassets */ = {isa = PBXFileReference; lastKnownFileType = folder.assetcatalog; path = Assets.xcassets; sourceTree = "<group>"; };
		6AD0BC292A7CCFDC00A0B41E /* Base */ = {isa = PBXFileReference; lastKnownFileType = file.storyboard; name = Base; path = Base.lproj/LaunchScreen.storyboard; sourceTree = "<group>"; };
		6AD0BC2B2A7CCFDC00A0B41E /* Info.plist */ = {isa = PBXFileReference; lastKnownFileType = text.plist.xml; path = Info.plist; sourceTree = "<group>"; };
		6AD0BC332A7D722700A0B41E /* TamagotchiCollectionViewCell.swift */ = {isa = PBXFileReference; lastKnownFileType = sourcecode.swift; path = TamagotchiCollectionViewCell.swift; sourceTree = "<group>"; };
		6AD0BC342A7D722700A0B41E /* TamagotchiCollectionViewCell.xib */ = {isa = PBXFileReference; lastKnownFileType = file.xib; path = TamagotchiCollectionViewCell.xib; sourceTree = "<group>"; };
		6AD0BC382A7D739A00A0B41E /* InitialSetting.swift */ = {isa = PBXFileReference; lastKnownFileType = sourcecode.swift; path = InitialSetting.swift; sourceTree = "<group>"; };
		6AD0BC3A2A7D782D00A0B41E /* DetailViewController.swift */ = {isa = PBXFileReference; lastKnownFileType = sourcecode.swift; path = DetailViewController.swift; sourceTree = "<group>"; };
		6AD0BC3C2A7D791500A0B41E /* MainViewController.swift */ = {isa = PBXFileReference; lastKnownFileType = sourcecode.swift; path = MainViewController.swift; sourceTree = "<group>"; };
		6AD0BC3E2A7D794800A0B41E /* SettingViewController.swift */ = {isa = PBXFileReference; lastKnownFileType = sourcecode.swift; path = SettingViewController.swift; sourceTree = "<group>"; };
		6AD0BC402A7D79A800A0B41E /* ChangeNameViewController.swift */ = {isa = PBXFileReference; lastKnownFileType = sourcecode.swift; path = ChangeNameViewController.swift; sourceTree = "<group>"; };
		6AD0BC432A7E084000A0B41E /* Icon.swift */ = {isa = PBXFileReference; lastKnownFileType = sourcecode.swift; path = Icon.swift; sourceTree = "<group>"; };
		6AD0BC462A7E115900A0B41E /* Color.swift */ = {isa = PBXFileReference; lastKnownFileType = sourcecode.swift; path = Color.swift; sourceTree = "<group>"; };
		6AD0BC4B2A7E1C5C00A0B41E /* Tamagotchi.swift */ = {isa = PBXFileReference; lastKnownFileType = sourcecode.swift; path = Tamagotchi.swift; sourceTree = "<group>"; };
		6AD0BC4D2A7E270400A0B41E /* Message.swift */ = {isa = PBXFileReference; lastKnownFileType = sourcecode.swift; path = Message.swift; sourceTree = "<group>"; };
		6AD0BC502A7E32C500A0B41E /* TamagotchiType.swift */ = {isa = PBXFileReference; lastKnownFileType = sourcecode.swift; path = TamagotchiType.swift; sourceTree = "<group>"; };
		6AD0BC522A7E406E00A0B41E /* TamagotchiSelectionInfo.swift */ = {isa = PBXFileReference; lastKnownFileType = sourcecode.swift; path = TamagotchiSelectionInfo.swift; sourceTree = "<group>"; };
		6AD0BC542A7E417200A0B41E /* TakkeumTamagotchi.swift */ = {isa = PBXFileReference; lastKnownFileType = sourcecode.swift; path = TakkeumTamagotchi.swift; sourceTree = "<group>"; };
		6AD0BC562A7E426800A0B41E /* BangsilTamagotchi.swift */ = {isa = PBXFileReference; lastKnownFileType = sourcecode.swift; path = BangsilTamagotchi.swift; sourceTree = "<group>"; };
		6AD0BC582A7EA1C600A0B41E /* BanzzakTamagotchi.swift */ = {isa = PBXFileReference; lastKnownFileType = sourcecode.swift; path = BanzzakTamagotchi.swift; sourceTree = "<group>"; };
		6AD0BC5B2A80095A00A0B41E /* SettingTableViewCell.swift */ = {isa = PBXFileReference; lastKnownFileType = sourcecode.swift; path = SettingTableViewCell.swift; sourceTree = "<group>"; };
		6AD0BC5C2A80095A00A0B41E /* SettingTableViewCell.xib */ = {isa = PBXFileReference; lastKnownFileType = file.xib; path = SettingTableViewCell.xib; sourceTree = "<group>"; };
		6AD0BC5F2A8010DB00A0B41E /* SettingMenu.swift */ = {isa = PBXFileReference; lastKnownFileType = sourcecode.swift; path = SettingMenu.swift; sourceTree = "<group>"; };
/* End PBXFileReference section */

/* Begin PBXFrameworksBuildPhase section */
		6AD0BC172A7CCFD700A0B41E /* Frameworks */ = {
			isa = PBXFrameworksBuildPhase;
			buildActionMask = 2147483647;
			files = (
			);
			runOnlyForDeploymentPostprocessing = 0;
		};
/* End PBXFrameworksBuildPhase section */

/* Begin PBXGroup section */
		6AD0BC112A7CCFD700A0B41E = {
			isa = PBXGroup;
			children = (
				6AD0BC1C2A7CCFD700A0B41E /* TamagotchiProject */,
				6AD0BC1B2A7CCFD700A0B41E /* Products */,
			);
			sourceTree = "<group>";
		};
		6AD0BC1B2A7CCFD700A0B41E /* Products */ = {
			isa = PBXGroup;
			children = (
				6AD0BC1A2A7CCFD700A0B41E /* TamagotchiProject.app */,
			);
			name = Products;
			sourceTree = "<group>";
		};
		6AD0BC1C2A7CCFD700A0B41E /* TamagotchiProject */ = {
			isa = PBXGroup;
			children = (
				6AD0BC4F2A7E32B800A0B41E /* Enum */,
				6AD0BC4A2A7E158600A0B41E /* Model */,
				6AD0BC492A7E14AA00A0B41E /* Storyboard */,
				6AD0BC482A7E148F00A0B41E /* Resource */,
				6AD0BC422A7E07A200A0B41E /* Constants */,
				6AD0BC372A7D726300A0B41E /* Protocol */,
				6AD0BC322A7D71E000A0B41E /* Cells */,
				6AD0BC312A7D71AC00A0B41E /* ViewControllers */,
				6AD0BC2B2A7CCFDC00A0B41E /* Info.plist */,
			);
			path = TamagotchiProject;
			sourceTree = "<group>";
		};
		6AD0BC312A7D71AC00A0B41E /* ViewControllers */ = {
			isa = PBXGroup;
			children = (
				6AD0BC212A7CCFD700A0B41E /* TamagotchiSelectionViewController.swift */,
				6AD0BC3A2A7D782D00A0B41E /* DetailViewController.swift */,
				6AD0BC3C2A7D791500A0B41E /* MainViewController.swift */,
				6AD0BC3E2A7D794800A0B41E /* SettingViewController.swift */,
				6AD0BC402A7D79A800A0B41E /* ChangeNameViewController.swift */,
			);
			path = ViewControllers;
			sourceTree = "<group>";
		};
		6AD0BC322A7D71E000A0B41E /* Cells */ = {
			isa = PBXGroup;
			children = (
				6AD0BC332A7D722700A0B41E /* TamagotchiCollectionViewCell.swift */,
				6AD0BC342A7D722700A0B41E /* TamagotchiCollectionViewCell.xib */,
				6AD0BC5B2A80095A00A0B41E /* SettingTableViewCell.swift */,
				6AD0BC5C2A80095A00A0B41E /* SettingTableViewCell.xib */,
			);
			path = Cells;
			sourceTree = "<group>";
		};
		6AD0BC372A7D726300A0B41E /* Protocol */ = {
			isa = PBXGroup;
			children = (
				6AD0BC382A7D739A00A0B41E /* InitialSetting.swift */,
			);
			path = Protocol;
			sourceTree = "<group>";
		};
		6AD0BC422A7E07A200A0B41E /* Constants */ = {
			isa = PBXGroup;
			children = (
				6AD0BC432A7E084000A0B41E /* Icon.swift */,
				6AD0BC462A7E115900A0B41E /* Color.swift */,
			);
			path = Constants;
			sourceTree = "<group>";
		};
		6AD0BC482A7E148F00A0B41E /* Resource */ = {
			isa = PBXGroup;
			children = (
				6AD0BC1D2A7CCFD700A0B41E /* AppDelegate.swift */,
				6AD0BC1F2A7CCFD700A0B41E /* SceneDelegate.swift */,
				6AD0BC262A7CCFDC00A0B41E /* Assets.xcassets */,
			);
			path = Resource;
			sourceTree = "<group>";
		};
		6AD0BC492A7E14AA00A0B41E /* Storyboard */ = {
			isa = PBXGroup;
			children = (
				6AD0BC232A7CCFD700A0B41E /* Main.storyboard */,
				6AD0BC282A7CCFDC00A0B41E /* LaunchScreen.storyboard */,
			);
			path = Storyboard;
			sourceTree = "<group>";
		};
		6AD0BC4A2A7E158600A0B41E /* Model */ = {
			isa = PBXGroup;
			children = (
				6AD0BC4B2A7E1C5C00A0B41E /* Tamagotchi.swift */,
				6AD0BC4D2A7E270400A0B41E /* Message.swift */,
				6AD0BC522A7E406E00A0B41E /* TamagotchiSelectionInfo.swift */,
				6AD0BC542A7E417200A0B41E /* TakkeumTamagotchi.swift */,
				6AD0BC562A7E426800A0B41E /* BangsilTamagotchi.swift */,
				6AD0BC582A7EA1C600A0B41E /* BanzzakTamagotchi.swift */,
			);
			path = Model;
			sourceTree = "<group>";
		};
		6AD0BC4F2A7E32B800A0B41E /* Enum */ = {
			isa = PBXGroup;
			children = (
				6AD0BC502A7E32C500A0B41E /* TamagotchiType.swift */,
				6AD0BC5F2A8010DB00A0B41E /* SettingMenu.swift */,
			);
			path = Enum;
			sourceTree = "<group>";
		};
/* End PBXGroup section */

/* Begin PBXNativeTarget section */
		6AD0BC192A7CCFD700A0B41E /* TamagotchiProject */ = {
			isa = PBXNativeTarget;
			buildConfigurationList = 6AD0BC2E2A7CCFDC00A0B41E /* Build configuration list for PBXNativeTarget "TamagotchiProject" */;
			buildPhases = (
				6AD0BC162A7CCFD700A0B41E /* Sources */,
				6AD0BC172A7CCFD700A0B41E /* Frameworks */,
				6AD0BC182A7CCFD700A0B41E /* Resources */,
			);
			buildRules = (
			);
			dependencies = (
			);
			name = TamagotchiProject;
			productName = TamagotchiProject;
			productReference = 6AD0BC1A2A7CCFD700A0B41E /* TamagotchiProject.app */;
			productType = "com.apple.product-type.application";
		};
/* End PBXNativeTarget section */

/* Begin PBXProject section */
		6AD0BC122A7CCFD700A0B41E /* Project object */ = {
			isa = PBXProject;
			attributes = {
				BuildIndependentTargetsInParallel = 1;
				LastSwiftUpdateCheck = 1430;
				LastUpgradeCheck = 1430;
				TargetAttributes = {
					6AD0BC192A7CCFD700A0B41E = {
						CreatedOnToolsVersion = 14.3.1;
					};
				};
			};
			buildConfigurationList = 6AD0BC152A7CCFD700A0B41E /* Build configuration list for PBXProject "TamagotchiProject" */;
			compatibilityVersion = "Xcode 14.0";
			developmentRegion = en;
			hasScannedForEncodings = 0;
			knownRegions = (
				en,
				Base,
			);
			mainGroup = 6AD0BC112A7CCFD700A0B41E;
			productRefGroup = 6AD0BC1B2A7CCFD700A0B41E /* Products */;
			projectDirPath = "";
			projectRoot = "";
			targets = (
				6AD0BC192A7CCFD700A0B41E /* TamagotchiProject */,
			);
		};
/* End PBXProject section */

/* Begin PBXResourcesBuildPhase section */
		6AD0BC182A7CCFD700A0B41E /* Resources */ = {
			isa = PBXResourcesBuildPhase;
			buildActionMask = 2147483647;
			files = (
				6AD0BC2A2A7CCFDC00A0B41E /* LaunchScreen.storyboard in Resources */,
				6AD0BC272A7CCFDC00A0B41E /* Assets.xcassets in Resources */,
				6AD0BC362A7D722700A0B41E /* TamagotchiCollectionViewCell.xib in Resources */,
				6AD0BC5E2A80095A00A0B41E /* SettingTableViewCell.xib in Resources */,
				6AD0BC252A7CCFD700A0B41E /* Main.storyboard in Resources */,
			);
			runOnlyForDeploymentPostprocessing = 0;
		};
/* End PBXResourcesBuildPhase section */

/* Begin PBXSourcesBuildPhase section */
		6AD0BC162A7CCFD700A0B41E /* Sources */ = {
			isa = PBXSourcesBuildPhase;
			buildActionMask = 2147483647;
			files = (
				6AD0BC3D2A7D791500A0B41E /* MainViewController.swift in Sources */,
				6AD0BC392A7D739A00A0B41E /* InitialSetting.swift in Sources */,
				6AD0BC512A7E32C500A0B41E /* TamagotchiType.swift in Sources */,
				6AD0BC472A7E115900A0B41E /* Color.swift in Sources */,
				6AD0BC222A7CCFD700A0B41E /* TamagotchiSelectionViewController.swift in Sources */,
				6AD0BC552A7E417200A0B41E /* TakkeumTamagotchi.swift in Sources */,
				6AD0BC4C2A7E1C5C00A0B41E /* Tamagotchi.swift in Sources */,
				6AD0BC602A8010DB00A0B41E /* SettingMenu.swift in Sources */,
				6AD0BC3F2A7D794800A0B41E /* SettingViewController.swift in Sources */,
				6AD0BC532A7E406E00A0B41E /* TamagotchiSelectionInfo.swift in Sources */,
				6AD0BC352A7D722700A0B41E /* TamagotchiCollectionViewCell.swift in Sources */,
				6AD0BC3B2A7D782D00A0B41E /* DetailViewController.swift in Sources */,
				6AD0BC412A7D79A800A0B41E /* ChangeNameViewController.swift in Sources */,
				6AD0BC5D2A80095A00A0B41E /* SettingTableViewCell.swift in Sources */,
				6AD0BC4E2A7E270400A0B41E /* Message.swift in Sources */,
				6AD0BC572A7E426800A0B41E /* BangsilTamagotchi.swift in Sources */,
				6AD0BC592A7EA1C600A0B41E /* BanzzakTamagotchi.swift in Sources */,
				6AD0BC442A7E084000A0B41E /* Icon.swift in Sources */,
				6AD0BC1E2A7CCFD700A0B41E /* AppDelegate.swift in Sources */,
				6AD0BC202A7CCFD700A0B41E /* SceneDelegate.swift in Sources */,
			);
			runOnlyForDeploymentPostprocessing = 0;
		};
/* End PBXSourcesBuildPhase section */

/* Begin PBXVariantGroup section */
		6AD0BC232A7CCFD700A0B41E /* Main.storyboard */ = {
			isa = PBXVariantGroup;
			children = (
				6AD0BC242A7CCFD700A0B41E /* Base */,
			);
			name = Main.storyboard;
			sourceTree = "<group>";
		};
		6AD0BC282A7CCFDC00A0B41E /* LaunchScreen.storyboard */ = {
			isa = PBXVariantGroup;
			children = (
				6AD0BC292A7CCFDC00A0B41E /* Base */,
			);
			name = LaunchScreen.storyboard;
			sourceTree = "<group>";
		};
/* End PBXVariantGroup section */

/* Begin XCBuildConfiguration section */
		6AD0BC2C2A7CCFDC00A0B41E /* Debug */ = {
			isa = XCBuildConfiguration;
			buildSettings = {
				ALWAYS_SEARCH_USER_PATHS = NO;
				CLANG_ANALYZER_NONNULL = YES;
				CLANG_ANALYZER_NUMBER_OBJECT_CONVERSION = YES_AGGRESSIVE;
				CLANG_CXX_LANGUAGE_STANDARD = "gnu++20";
				CLANG_ENABLE_MODULES = YES;
				CLANG_ENABLE_OBJC_ARC = YES;
				CLANG_ENABLE_OBJC_WEAK = YES;
				CLANG_WARN_BLOCK_CAPTURE_AUTORELEASING = YES;
				CLANG_WARN_BOOL_CONVERSION = YES;
				CLANG_WARN_COMMA = YES;
				CLANG_WARN_CONSTANT_CONVERSION = YES;
				CLANG_WARN_DEPRECATED_OBJC_IMPLEMENTATIONS = YES;
				CLANG_WARN_DIRECT_OBJC_ISA_USAGE = YES_ERROR;
				CLANG_WARN_DOCUMENTATION_COMMENTS = YES;
				CLANG_WARN_EMPTY_BODY = YES;
				CLANG_WARN_ENUM_CONVERSION = YES;
				CLANG_WARN_INFINITE_RECURSION = YES;
				CLANG_WARN_INT_CONVERSION = YES;
				CLANG_WARN_NON_LITERAL_NULL_CONVERSION = YES;
				CLANG_WARN_OBJC_IMPLICIT_RETAIN_SELF = YES;
				CLANG_WARN_OBJC_LITERAL_CONVERSION = YES;
				CLANG_WARN_OBJC_ROOT_CLASS = YES_ERROR;
				CLANG_WARN_QUOTED_INCLUDE_IN_FRAMEWORK_HEADER = YES;
				CLANG_WARN_RANGE_LOOP_ANALYSIS = YES;
				CLANG_WARN_STRICT_PROTOTYPES = YES;
				CLANG_WARN_SUSPICIOUS_MOVE = YES;
				CLANG_WARN_UNGUARDED_AVAILABILITY = YES_AGGRESSIVE;
				CLANG_WARN_UNREACHABLE_CODE = YES;
				CLANG_WARN__DUPLICATE_METHOD_MATCH = YES;
				COPY_PHASE_STRIP = NO;
				DEBUG_INFORMATION_FORMAT = dwarf;
				ENABLE_STRICT_OBJC_MSGSEND = YES;
				ENABLE_TESTABILITY = YES;
				GCC_C_LANGUAGE_STANDARD = gnu11;
				GCC_DYNAMIC_NO_PIC = NO;
				GCC_NO_COMMON_BLOCKS = YES;
				GCC_OPTIMIZATION_LEVEL = 0;
				GCC_PREPROCESSOR_DEFINITIONS = (
					"DEBUG=1",
					"$(inherited)",
				);
				GCC_WARN_64_TO_32_BIT_CONVERSION = YES;
				GCC_WARN_ABOUT_RETURN_TYPE = YES_ERROR;
				GCC_WARN_UNDECLARED_SELECTOR = YES;
				GCC_WARN_UNINITIALIZED_AUTOS = YES_AGGRESSIVE;
				GCC_WARN_UNUSED_FUNCTION = YES;
				GCC_WARN_UNUSED_VARIABLE = YES;
				IPHONEOS_DEPLOYMENT_TARGET = 16.4;
				MTL_ENABLE_DEBUG_INFO = INCLUDE_SOURCE;
				MTL_FAST_MATH = YES;
				ONLY_ACTIVE_ARCH = YES;
				SDKROOT = iphoneos;
				SWIFT_ACTIVE_COMPILATION_CONDITIONS = DEBUG;
				SWIFT_OPTIMIZATION_LEVEL = "-Onone";
			};
			name = Debug;
		};
		6AD0BC2D2A7CCFDC00A0B41E /* Release */ = {
			isa = XCBuildConfiguration;
			buildSettings = {
				ALWAYS_SEARCH_USER_PATHS = NO;
				CLANG_ANALYZER_NONNULL = YES;
				CLANG_ANALYZER_NUMBER_OBJECT_CONVERSION = YES_AGGRESSIVE;
				CLANG_CXX_LANGUAGE_STANDARD = "gnu++20";
				CLANG_ENABLE_MODULES = YES;
				CLANG_ENABLE_OBJC_ARC = YES;
				CLANG_ENABLE_OBJC_WEAK = YES;
				CLANG_WARN_BLOCK_CAPTURE_AUTORELEASING = YES;
				CLANG_WARN_BOOL_CONVERSION = YES;
				CLANG_WARN_COMMA = YES;
				CLANG_WARN_CONSTANT_CONVERSION = YES;
				CLANG_WARN_DEPRECATED_OBJC_IMPLEMENTATIONS = YES;
				CLANG_WARN_DIRECT_OBJC_ISA_USAGE = YES_ERROR;
				CLANG_WARN_DOCUMENTATION_COMMENTS = YES;
				CLANG_WARN_EMPTY_BODY = YES;
				CLANG_WARN_ENUM_CONVERSION = YES;
				CLANG_WARN_INFINITE_RECURSION = YES;
				CLANG_WARN_INT_CONVERSION = YES;
				CLANG_WARN_NON_LITERAL_NULL_CONVERSION = YES;
				CLANG_WARN_OBJC_IMPLICIT_RETAIN_SELF = YES;
				CLANG_WARN_OBJC_LITERAL_CONVERSION = YES;
				CLANG_WARN_OBJC_ROOT_CLASS = YES_ERROR;
				CLANG_WARN_QUOTED_INCLUDE_IN_FRAMEWORK_HEADER = YES;
				CLANG_WARN_RANGE_LOOP_ANALYSIS = YES;
				CLANG_WARN_STRICT_PROTOTYPES = YES;
				CLANG_WARN_SUSPICIOUS_MOVE = YES;
				CLANG_WARN_UNGUARDED_AVAILABILITY = YES_AGGRESSIVE;
				CLANG_WARN_UNREACHABLE_CODE = YES;
				CLANG_WARN__DUPLICATE_METHOD_MATCH = YES;
				COPY_PHASE_STRIP = NO;
				DEBUG_INFORMATION_FORMAT = "dwarf-with-dsym";
				ENABLE_NS_ASSERTIONS = NO;
				ENABLE_STRICT_OBJC_MSGSEND = YES;
				GCC_C_LANGUAGE_STANDARD = gnu11;
				GCC_NO_COMMON_BLOCKS = YES;
				GCC_WARN_64_TO_32_BIT_CONVERSION = YES;
				GCC_WARN_ABOUT_RETURN_TYPE = YES_ERROR;
				GCC_WARN_UNDECLARED_SELECTOR = YES;
				GCC_WARN_UNINITIALIZED_AUTOS = YES_AGGRESSIVE;
				GCC_WARN_UNUSED_FUNCTION = YES;
				GCC_WARN_UNUSED_VARIABLE = YES;
				IPHONEOS_DEPLOYMENT_TARGET = 16.4;
				MTL_ENABLE_DEBUG_INFO = NO;
				MTL_FAST_MATH = YES;
				SDKROOT = iphoneos;
				SWIFT_COMPILATION_MODE = wholemodule;
				SWIFT_OPTIMIZATION_LEVEL = "-O";
				VALIDATE_PRODUCT = YES;
			};
			name = Release;
		};
		6AD0BC2F2A7CCFDC00A0B41E /* Debug */ = {
			isa = XCBuildConfiguration;
			buildSettings = {
				ASSETCATALOG_COMPILER_APPICON_NAME = AppIcon;
				ASSETCATALOG_COMPILER_GLOBAL_ACCENT_COLOR_NAME = AccentColor;
				CODE_SIGN_STYLE = Automatic;
				CURRENT_PROJECT_VERSION = 1;
				DEVELOPMENT_TEAM = 3H85AXMVD3;
				GENERATE_INFOPLIST_FILE = YES;
				INFOPLIST_FILE = TamagotchiProject/Info.plist;
				INFOPLIST_KEY_UIApplicationSupportsIndirectInputEvents = YES;
				INFOPLIST_KEY_UILaunchStoryboardName = LaunchScreen;
				INFOPLIST_KEY_UIMainStoryboardFile = Main;
				INFOPLIST_KEY_UISupportedInterfaceOrientations = UIInterfaceOrientationPortrait;
				INFOPLIST_KEY_UISupportedInterfaceOrientations_iPad = "UIInterfaceOrientationLandscapeLeft UIInterfaceOrientationLandscapeRight UIInterfaceOrientationPortrait UIInterfaceOrientationPortraitUpsideDown";
				IPHONEOS_DEPLOYMENT_TARGET = 15.0;
				LD_RUNPATH_SEARCH_PATHS = (
					"$(inherited)",
					"@executable_path/Frameworks",
				);
				MARKETING_VERSION = 1.0;
				PRODUCT_BUNDLE_IDENTIFIER = com.yujinnee.TamagotchiProject;
				PRODUCT_NAME = "$(TARGET_NAME)";
				SUPPORTED_PLATFORMS = "iphoneos iphonesimulator";
				SUPPORTS_MACCATALYST = NO;
				SUPPORTS_MAC_DESIGNED_FOR_IPHONE_IPAD = NO;
				SWIFT_EMIT_LOC_STRINGS = YES;
				SWIFT_VERSION = 5.0;
				TARGETED_DEVICE_FAMILY = 1;
			};
			name = Debug;
		};
		6AD0BC302A7CCFDC00A0B41E /* Release */ = {
			isa = XCBuildConfiguration;
			buildSettings = {
				ASSETCATALOG_COMPILER_APPICON_NAME = AppIcon;
				ASSETCATALOG_COMPILER_GLOBAL_ACCENT_COLOR_NAME = AccentColor;
				CODE_SIGN_STYLE = Automatic;
				CURRENT_PROJECT_VERSION = 1;
				DEVELOPMENT_TEAM = 3H85AXMVD3;
				GENERATE_INFOPLIST_FILE = YES;
				INFOPLIST_FILE = TamagotchiProject/Info.plist;
				INFOPLIST_KEY_UIApplicationSupportsIndirectInputEvents = YES;
				INFOPLIST_KEY_UILaunchStoryboardName = LaunchScreen;
				INFOPLIST_KEY_UIMainStoryboardFile = Main;
				INFOPLIST_KEY_UISupportedInterfaceOrientations = UIInterfaceOrientationPortrait;
				INFOPLIST_KEY_UISupportedInterfaceOrientations_iPad = "UIInterfaceOrientationLandscapeLeft UIInterfaceOrientationLandscapeRight UIInterfaceOrientationPortrait UIInterfaceOrientationPortraitUpsideDown";
				IPHONEOS_DEPLOYMENT_TARGET = 15.0;
				LD_RUNPATH_SEARCH_PATHS = (
					"$(inherited)",
					"@executable_path/Frameworks",
				);
				MARKETING_VERSION = 1.0;
				PRODUCT_BUNDLE_IDENTIFIER = com.yujinnee.TamagotchiProject;
				PRODUCT_NAME = "$(TARGET_NAME)";
				SUPPORTED_PLATFORMS = "iphoneos iphonesimulator";
				SUPPORTS_MACCATALYST = NO;
				SUPPORTS_MAC_DESIGNED_FOR_IPHONE_IPAD = NO;
				SWIFT_EMIT_LOC_STRINGS = YES;
				SWIFT_VERSION = 5.0;
				TARGETED_DEVICE_FAMILY = 1;
			};
			name = Release;
		};
/* End XCBuildConfiguration section */

/* Begin XCConfigurationList section */
		6AD0BC152A7CCFD700A0B41E /* Build configuration list for PBXProject "TamagotchiProject" */ = {
			isa = XCConfigurationList;
			buildConfigurations = (
				6AD0BC2C2A7CCFDC00A0B41E /* Debug */,
				6AD0BC2D2A7CCFDC00A0B41E /* Release */,
			);
			defaultConfigurationIsVisible = 0;
			defaultConfigurationName = Release;
		};
		6AD0BC2E2A7CCFDC00A0B41E /* Build configuration list for PBXNativeTarget "TamagotchiProject" */ = {
			isa = XCConfigurationList;
			buildConfigurations = (
				6AD0BC2F2A7CCFDC00A0B41E /* Debug */,
				6AD0BC302A7CCFDC00A0B41E /* Release */,
			);
			defaultConfigurationIsVisible = 0;
			defaultConfigurationName = Release;
		};
/* End XCConfigurationList section */
	};
	rootObject = 6AD0BC122A7CCFD700A0B41E /* Project object */;
}
